
Microsoft Visual Studio Solution File, Format Version 12.00
# Visual Studio Version 16
VisualStudioVersion = 16.0.31624.102
MinimumVisualStudioVersion = 10.0.40219.1
Project("{FAE04EC0-301F-11D3-BF4B-00C04F79EFBC}") = "Week6ThursdayPracticeDemo_AM", "Week6ThursdayPracticeDemo_AM\Week6ThursdayPracticeDemo_AM.csproj", "{8D8F3E35-4619-4470-A628-8C2F9FBABBD9}"
EndProject
Global
	GlobalSection(SolutionConfigurationPlatforms) = preSolution
		Debug|Any CPU = Debug|Any CPU
		Release|Any CPU = Release|Any CPU
	EndGlobalSection
	GlobalSection(ProjectConfigurationPlatforms) = postSolution
		{8D8F3E35-4619-4470-A628-8C2F9FBABBD9}.Debug|Any CPU.ActiveCfg = Debug|Any CPU
		{8D8F3E35-4619-4470-A628-8C2F9FBABBD9}.Debug|Any CPU.Build.0 = Debug|Any CPU
		{8D8F3E35-4619-4470-A628-8C2F9FBABBD9}.Release|Any CPU.ActiveCfg = Release|Any CPU
		{8D8F3E35-4619-4470-A628-8C2F9FBABBD9}.Release|Any CPU.Build.0 = Release|Any CPU
	EndGlobalSection
	GlobalSection(SolutionProperties) = preSolution
		HideSolutionNode = FALSE
	EndGlobalSection
	GlobalSection(ExtensibilityGlobals) = postSolution
		SolutionGuid = {00DCD22A-3689-4718-B4C2-8F53987FA8CC}
	EndGlobalSection
EndGlobal
