
Microsoft Visual Studio Solution File, Format Version 12.00
# Visual Studio Version 16
VisualStudioVersion = 16.0.31624.102
MinimumVisualStudioVersion = 10.0.40219.1
Project("{FAE04EC0-301F-11D3-BF4B-00C04F79EFBC}") = "DemoApp", "DemoApp\DemoApp.csproj", "{48B2952E-6509-45E4-AFE8-81FC44F6A438}"
EndProject
Global
	GlobalSection(SolutionConfigurationPlatforms) = preSolution
		Debug|Any CPU = Debug|Any CPU
		Release|Any CPU = Release|Any CPU
	EndGlobalSection
	GlobalSection(ProjectConfigurationPlatforms) = postSolution
		{48B2952E-6509-45E4-AFE8-81FC44F6A438}.Debug|Any CPU.ActiveCfg = Debug|Any CPU
		{48B2952E-6509-45E4-AFE8-81FC44F6A438}.Debug|Any CPU.Build.0 = Debug|Any CPU
		{48B2952E-6509-45E4-AFE8-81FC44F6A438}.Release|Any CPU.ActiveCfg = Release|Any CPU
		{48B2952E-6509-45E4-AFE8-81FC44F6A438}.Release|Any CPU.Build.0 = Release|Any CPU
	EndGlobalSection
	GlobalSection(SolutionProperties) = preSolution
		HideSolutionNode = FALSE
	EndGlobalSection
	GlobalSection(ExtensibilityGlobals) = postSolution
		SolutionGuid = {0051F5F0-6463-44DB-A413-6CD79D7DC260}
	EndGlobalSection
EndGlobal
