
Microsoft Visual Studio Solution File, Format Version 12.00
# Visual Studio Version 16
VisualStudioVersion = 16.0.31624.102
MinimumVisualStudioVersion = 10.0.40219.1
Project("{FAE04EC0-301F-11D3-BF4B-00C04F79EFBC}") = "IPAddressPracticeTest", "IPAddressPracticeTest\IPAddressPracticeTest.csproj", "{AB34C019-718F-4F54-9A07-B0AB9A39D831}"
EndProject
Project("{FAE04EC0-301F-11D3-BF4B-00C04F79EFBC}") = "checkStringHalfTest", "checkStringHalfTest\checkStringHalfTest.csproj", "{0426143D-427D-4AED-A20C-828EB54B18EE}"
EndProject
Project("{FAE04EC0-301F-11D3-BF4B-00C04F79EFBC}") = "Week6WednesdayPractice_AM", "Week6WednesdayPractice_AM\Week6WednesdayPractice_AM.csproj", "{1EE6FF66-1701-4909-A139-EA03968770B1}"
EndProject
Global
	GlobalSection(SolutionConfigurationPlatforms) = preSolution
		Debug|Any CPU = Debug|Any CPU
		Release|Any CPU = Release|Any CPU
	EndGlobalSection
	GlobalSection(ProjectConfigurationPlatforms) = postSolution
		{AB34C019-718F-4F54-9A07-B0AB9A39D831}.Debug|Any CPU.ActiveCfg = Debug|Any CPU
		{AB34C019-718F-4F54-9A07-B0AB9A39D831}.Debug|Any CPU.Build.0 = Debug|Any CPU
		{AB34C019-718F-4F54-9A07-B0AB9A39D831}.Release|Any CPU.ActiveCfg = Release|Any CPU
		{AB34C019-718F-4F54-9A07-B0AB9A39D831}.Release|Any CPU.Build.0 = Release|Any CPU
		{0426143D-427D-4AED-A20C-828EB54B18EE}.Debug|Any CPU.ActiveCfg = Debug|Any CPU
		{0426143D-427D-4AED-A20C-828EB54B18EE}.Debug|Any CPU.Build.0 = Debug|Any CPU
		{0426143D-427D-4AED-A20C-828EB54B18EE}.Release|Any CPU.ActiveCfg = Release|Any CPU
		{0426143D-427D-4AED-A20C-828EB54B18EE}.Release|Any CPU.Build.0 = Release|Any CPU
		{1EE6FF66-1701-4909-A139-EA03968770B1}.Debug|Any CPU.ActiveCfg = Debug|Any CPU
		{1EE6FF66-1701-4909-A139-EA03968770B1}.Debug|Any CPU.Build.0 = Debug|Any CPU
		{1EE6FF66-1701-4909-A139-EA03968770B1}.Release|Any CPU.ActiveCfg = Release|Any CPU
		{1EE6FF66-1701-4909-A139-EA03968770B1}.Release|Any CPU.Build.0 = Release|Any CPU
	EndGlobalSection
	GlobalSection(SolutionProperties) = preSolution
		HideSolutionNode = FALSE
	EndGlobalSection
	GlobalSection(ExtensibilityGlobals) = postSolution
		SolutionGuid = {1F612C95-A289-4977-9F2B-9B3EAB4CDCEB}
	EndGlobalSection
EndGlobal
