
Microsoft Visual Studio Solution File, Format Version 12.00
# Visual Studio Version 16
VisualStudioVersion = 16.0.31624.102
MinimumVisualStudioVersion = 10.0.40219.1
Project("{FAE04EC0-301F-11D3-BF4B-00C04F79EFBC}") = "Hello World", "Hello World\Hello World.csproj", "{D6163B9B-2137-4A60-BD10-DD3C5318C50E}"
EndProject
Project("{FAE04EC0-301F-11D3-BF4B-00C04F79EFBC}") = "Test", "Test\Test.csproj", "{D0748E3E-2534-4FBF-BA30-A626A69DB494}"
EndProject
Global
	GlobalSection(SolutionConfigurationPlatforms) = preSolution
		Debug|Any CPU = Debug|Any CPU
		Release|Any CPU = Release|Any CPU
	EndGlobalSection
	GlobalSection(ProjectConfigurationPlatforms) = postSolution
		{D6163B9B-2137-4A60-BD10-DD3C5318C50E}.Debug|Any CPU.ActiveCfg = Debug|Any CPU
		{D6163B9B-2137-4A60-BD10-DD3C5318C50E}.Debug|Any CPU.Build.0 = Debug|Any CPU
		{D6163B9B-2137-4A60-BD10-DD3C5318C50E}.Release|Any CPU.ActiveCfg = Release|Any CPU
		{D6163B9B-2137-4A60-BD10-DD3C5318C50E}.Release|Any CPU.Build.0 = Release|Any CPU
		{D0748E3E-2534-4FBF-BA30-A626A69DB494}.Debug|Any CPU.ActiveCfg = Debug|Any CPU
		{D0748E3E-2534-4FBF-BA30-A626A69DB494}.Debug|Any CPU.Build.0 = Debug|Any CPU
		{D0748E3E-2534-4FBF-BA30-A626A69DB494}.Release|Any CPU.ActiveCfg = Release|Any CPU
		{D0748E3E-2534-4FBF-BA30-A626A69DB494}.Release|Any CPU.Build.0 = Release|Any CPU
	EndGlobalSection
	GlobalSection(SolutionProperties) = preSolution
		HideSolutionNode = FALSE
	EndGlobalSection
	GlobalSection(ExtensibilityGlobals) = postSolution
		SolutionGuid = {79630B41-0368-41EC-B2D2-FB013423F876}
	EndGlobalSection
EndGlobal
