
Microsoft Visual Studio Solution File, Format Version 12.00
# Visual Studio Version 16
VisualStudioVersion = 16.0.31624.102
MinimumVisualStudioVersion = 10.0.40219.1
Project("{FAE04EC0-301F-11D3-BF4B-00C04F79EFBC}") = "WeeklyTest2", "WeeklyTest2\WeeklyTest2.csproj", "{46E8BDB6-F421-4651-8221-C4B18A89EC00}"
EndProject
Global
	GlobalSection(SolutionConfigurationPlatforms) = preSolution
		Debug|Any CPU = Debug|Any CPU
		Release|Any CPU = Release|Any CPU
	EndGlobalSection
	GlobalSection(ProjectConfigurationPlatforms) = postSolution
		{46E8BDB6-F421-4651-8221-C4B18A89EC00}.Debug|Any CPU.ActiveCfg = Debug|Any CPU
		{46E8BDB6-F421-4651-8221-C4B18A89EC00}.Debug|Any CPU.Build.0 = Debug|Any CPU
		{46E8BDB6-F421-4651-8221-C4B18A89EC00}.Release|Any CPU.ActiveCfg = Release|Any CPU
		{46E8BDB6-F421-4651-8221-C4B18A89EC00}.Release|Any CPU.Build.0 = Release|Any CPU
	EndGlobalSection
	GlobalSection(SolutionProperties) = preSolution
		HideSolutionNode = FALSE
	EndGlobalSection
	GlobalSection(ExtensibilityGlobals) = postSolution
		SolutionGuid = {5C346930-8A18-47F2-830F-D2842F5FCC42}
	EndGlobalSection
EndGlobal
