
Microsoft Visual Studio Solution File, Format Version 12.00
# Visual Studio Version 16
VisualStudioVersion = 16.0.31624.102
MinimumVisualStudioVersion = 10.0.40219.1
Project("{FAE04EC0-301F-11D3-BF4B-00C04F79EFBC}") = "Week6MondayDemonstration", "Week6MondayDemonstration\Week6MondayDemonstration.csproj", "{DBD59FD8-2996-443F-9F1F-A2C111D1D523}"
EndProject
Project("{FAE04EC0-301F-11D3-BF4B-00C04F79EFBC}") = "Collections_Examples", "Collections_Examples\Collections_Examples.csproj", "{4A6BDA5E-63EF-4C22-AD50-09DE424EC558}"
EndProject
Global
	GlobalSection(SolutionConfigurationPlatforms) = preSolution
		Debug|Any CPU = Debug|Any CPU
		Release|Any CPU = Release|Any CPU
	EndGlobalSection
	GlobalSection(ProjectConfigurationPlatforms) = postSolution
		{DBD59FD8-2996-443F-9F1F-A2C111D1D523}.Debug|Any CPU.ActiveCfg = Debug|Any CPU
		{DBD59FD8-2996-443F-9F1F-A2C111D1D523}.Debug|Any CPU.Build.0 = Debug|Any CPU
		{DBD59FD8-2996-443F-9F1F-A2C111D1D523}.Release|Any CPU.ActiveCfg = Release|Any CPU
		{DBD59FD8-2996-443F-9F1F-A2C111D1D523}.Release|Any CPU.Build.0 = Release|Any CPU
		{4A6BDA5E-63EF-4C22-AD50-09DE424EC558}.Debug|Any CPU.ActiveCfg = Debug|Any CPU
		{4A6BDA5E-63EF-4C22-AD50-09DE424EC558}.Debug|Any CPU.Build.0 = Debug|Any CPU
		{4A6BDA5E-63EF-4C22-AD50-09DE424EC558}.Release|Any CPU.ActiveCfg = Release|Any CPU
		{4A6BDA5E-63EF-4C22-AD50-09DE424EC558}.Release|Any CPU.Build.0 = Release|Any CPU
	EndGlobalSection
	GlobalSection(SolutionProperties) = preSolution
		HideSolutionNode = FALSE
	EndGlobalSection
	GlobalSection(ExtensibilityGlobals) = postSolution
		SolutionGuid = {49F646F4-59CB-4736-8B09-EED3EEC294B0}
	EndGlobalSection
EndGlobal
