
Microsoft Visual Studio Solution File, Format Version 12.00
# Visual Studio Version 16
VisualStudioVersion = 16.0.31624.102
MinimumVisualStudioVersion = 10.0.40219.1
Project("{FAE04EC0-301F-11D3-BF4B-00C04F79EFBC}") = "Week5WednesdayDemonstration", "Week5WednesdayDemonstration\Week5WednesdayDemonstration.csproj", "{B6F04D4B-9616-463A-9401-BD7B82D90B71}"
EndProject
Global
	GlobalSection(SolutionConfigurationPlatforms) = preSolution
		Debug|Any CPU = Debug|Any CPU
		Release|Any CPU = Release|Any CPU
	EndGlobalSection
	GlobalSection(ProjectConfigurationPlatforms) = postSolution
		{B6F04D4B-9616-463A-9401-BD7B82D90B71}.Debug|Any CPU.ActiveCfg = Debug|Any CPU
		{B6F04D4B-9616-463A-9401-BD7B82D90B71}.Debug|Any CPU.Build.0 = Debug|Any CPU
		{B6F04D4B-9616-463A-9401-BD7B82D90B71}.Release|Any CPU.ActiveCfg = Release|Any CPU
		{B6F04D4B-9616-463A-9401-BD7B82D90B71}.Release|Any CPU.Build.0 = Release|Any CPU
	EndGlobalSection
	GlobalSection(SolutionProperties) = preSolution
		HideSolutionNode = FALSE
	EndGlobalSection
	GlobalSection(ExtensibilityGlobals) = postSolution
		SolutionGuid = {2039D7F7-1674-43B6-85E8-07E31F6FB3C2}
	EndGlobalSection
EndGlobal
