
Microsoft Visual Studio Solution File, Format Version 12.00
# Visual Studio Version 16
VisualStudioVersion = 16.0.31624.102
MinimumVisualStudioVersion = 10.0.40219.1
Project("{FAE04EC0-301F-11D3-BF4B-00C04F79EFBC}") = "Week3TuesdayPractice", "Week3TuesdayPractice\Week3TuesdayPractice.csproj", "{FE5FE429-52D9-496B-BD7F-3A50FDD68693}"
EndProject
Global
	GlobalSection(SolutionConfigurationPlatforms) = preSolution
		Debug|Any CPU = Debug|Any CPU
		Release|Any CPU = Release|Any CPU
	EndGlobalSection
	GlobalSection(ProjectConfigurationPlatforms) = postSolution
		{FE5FE429-52D9-496B-BD7F-3A50FDD68693}.Debug|Any CPU.ActiveCfg = Debug|Any CPU
		{FE5FE429-52D9-496B-BD7F-3A50FDD68693}.Debug|Any CPU.Build.0 = Debug|Any CPU
		{FE5FE429-52D9-496B-BD7F-3A50FDD68693}.Release|Any CPU.ActiveCfg = Release|Any CPU
		{FE5FE429-52D9-496B-BD7F-3A50FDD68693}.Release|Any CPU.Build.0 = Release|Any CPU
	EndGlobalSection
	GlobalSection(SolutionProperties) = preSolution
		HideSolutionNode = FALSE
	EndGlobalSection
	GlobalSection(ExtensibilityGlobals) = postSolution
		SolutionGuid = {E8D56259-9D38-4DF7-A0D6-9C55372D2B2C}
	EndGlobalSection
EndGlobal
