
Microsoft Visual Studio Solution File, Format Version 12.00
# Visual Studio Version 16
VisualStudioVersion = 16.0.31624.102
MinimumVisualStudioVersion = 10.0.40219.1
Project("{FAE04EC0-301F-11D3-BF4B-00C04F79EFBC}") = "ClassPart2", "ClassPart2\ClassPart2.csproj", "{4D45DA14-136E-46CB-9239-662F9F3987F5}"
EndProject
Project("{FAE04EC0-301F-11D3-BF4B-00C04F79EFBC}") = "Calculator", "Calculator\Calculator.csproj", "{BCCEFF35-5602-4AAA-8FB6-E64735E24230}"
EndProject
Project("{FAE04EC0-301F-11D3-BF4B-00C04F79EFBC}") = "TimeZoneCalculate", "TimeZoneCalculate\TimeZoneCalculate.csproj", "{42488B27-7198-4530-9841-1C097F739901}"
EndProject
Global
	GlobalSection(SolutionConfigurationPlatforms) = preSolution
		Debug|Any CPU = Debug|Any CPU
		Release|Any CPU = Release|Any CPU
	EndGlobalSection
	GlobalSection(ProjectConfigurationPlatforms) = postSolution
		{4D45DA14-136E-46CB-9239-662F9F3987F5}.Debug|Any CPU.ActiveCfg = Debug|Any CPU
		{4D45DA14-136E-46CB-9239-662F9F3987F5}.Debug|Any CPU.Build.0 = Debug|Any CPU
		{4D45DA14-136E-46CB-9239-662F9F3987F5}.Release|Any CPU.ActiveCfg = Release|Any CPU
		{4D45DA14-136E-46CB-9239-662F9F3987F5}.Release|Any CPU.Build.0 = Release|Any CPU
		{BCCEFF35-5602-4AAA-8FB6-E64735E24230}.Debug|Any CPU.ActiveCfg = Debug|Any CPU
		{BCCEFF35-5602-4AAA-8FB6-E64735E24230}.Debug|Any CPU.Build.0 = Debug|Any CPU
		{BCCEFF35-5602-4AAA-8FB6-E64735E24230}.Release|Any CPU.ActiveCfg = Release|Any CPU
		{BCCEFF35-5602-4AAA-8FB6-E64735E24230}.Release|Any CPU.Build.0 = Release|Any CPU
		{42488B27-7198-4530-9841-1C097F739901}.Debug|Any CPU.ActiveCfg = Debug|Any CPU
		{42488B27-7198-4530-9841-1C097F739901}.Debug|Any CPU.Build.0 = Debug|Any CPU
		{42488B27-7198-4530-9841-1C097F739901}.Release|Any CPU.ActiveCfg = Release|Any CPU
		{42488B27-7198-4530-9841-1C097F739901}.Release|Any CPU.Build.0 = Release|Any CPU
	EndGlobalSection
	GlobalSection(SolutionProperties) = preSolution
		HideSolutionNode = FALSE
	EndGlobalSection
	GlobalSection(ExtensibilityGlobals) = postSolution
		SolutionGuid = {0453D25E-FD62-42D5-92D6-215EA7EEEA18}
	EndGlobalSection
EndGlobal
