
Microsoft Visual Studio Solution File, Format Version 12.00
# Visual Studio Version 16
VisualStudioVersion = 16.0.31729.503
MinimumVisualStudioVersion = 10.0.40219.1
Project("{FAE04EC0-301F-11D3-BF4B-00C04F79EFBC}") = "WebAPIWeek10Test", "WebAPIWeek10Test\WebAPIWeek10Test.csproj", "{1BC69B2F-D566-4A70-A398-E2175320C505}"
EndProject
Global
	GlobalSection(SolutionConfigurationPlatforms) = preSolution
		Debug|Any CPU = Debug|Any CPU
		Release|Any CPU = Release|Any CPU
	EndGlobalSection
	GlobalSection(ProjectConfigurationPlatforms) = postSolution
		{1BC69B2F-D566-4A70-A398-E2175320C505}.Debug|Any CPU.ActiveCfg = Debug|Any CPU
		{1BC69B2F-D566-4A70-A398-E2175320C505}.Debug|Any CPU.Build.0 = Debug|Any CPU
		{1BC69B2F-D566-4A70-A398-E2175320C505}.Release|Any CPU.ActiveCfg = Release|Any CPU
		{1BC69B2F-D566-4A70-A398-E2175320C505}.Release|Any CPU.Build.0 = Release|Any CPU
	EndGlobalSection
	GlobalSection(SolutionProperties) = preSolution
		HideSolutionNode = FALSE
	EndGlobalSection
	GlobalSection(ExtensibilityGlobals) = postSolution
		SolutionGuid = {0A2D9096-7B31-4AC0-AE42-DEAC6399DFB7}
	EndGlobalSection
EndGlobal
