
Microsoft Visual Studio Solution File, Format Version 12.00
# Visual Studio Version 16
VisualStudioVersion = 16.0.31624.102
MinimumVisualStudioVersion = 10.0.40219.1
Project("{FAE04EC0-301F-11D3-BF4B-00C04F79EFBC}") = "Week6TuesdayDemonstration", "Week6TuesdayDemonstration\Week6TuesdayDemonstration.csproj", "{5865024E-73B7-4588-A11D-43BEE91B0726}"
EndProject
Project("{FAE04EC0-301F-11D3-BF4B-00C04F79EFBC}") = "BankingSystem", "BankingSystem\BankingSystem.csproj", "{FF7BB3B4-1F35-4950-B659-5A2E039B47EB}"
EndProject
Global
	GlobalSection(SolutionConfigurationPlatforms) = preSolution
		Debug|Any CPU = Debug|Any CPU
		Release|Any CPU = Release|Any CPU
	EndGlobalSection
	GlobalSection(ProjectConfigurationPlatforms) = postSolution
		{5865024E-73B7-4588-A11D-43BEE91B0726}.Debug|Any CPU.ActiveCfg = Debug|Any CPU
		{5865024E-73B7-4588-A11D-43BEE91B0726}.Debug|Any CPU.Build.0 = Debug|Any CPU
		{5865024E-73B7-4588-A11D-43BEE91B0726}.Release|Any CPU.ActiveCfg = Release|Any CPU
		{5865024E-73B7-4588-A11D-43BEE91B0726}.Release|Any CPU.Build.0 = Release|Any CPU
		{FF7BB3B4-1F35-4950-B659-5A2E039B47EB}.Debug|Any CPU.ActiveCfg = Debug|Any CPU
		{FF7BB3B4-1F35-4950-B659-5A2E039B47EB}.Debug|Any CPU.Build.0 = Debug|Any CPU
		{FF7BB3B4-1F35-4950-B659-5A2E039B47EB}.Release|Any CPU.ActiveCfg = Release|Any CPU
		{FF7BB3B4-1F35-4950-B659-5A2E039B47EB}.Release|Any CPU.Build.0 = Release|Any CPU
	EndGlobalSection
	GlobalSection(SolutionProperties) = preSolution
		HideSolutionNode = FALSE
	EndGlobalSection
	GlobalSection(ExtensibilityGlobals) = postSolution
		SolutionGuid = {52B423DB-B1EE-4596-B3E7-A0CA9583071C}
	EndGlobalSection
EndGlobal
