
Microsoft Visual Studio Solution File, Format Version 12.00
# Visual Studio Version 16
VisualStudioVersion = 16.0.31624.102
MinimumVisualStudioVersion = 10.0.40219.1
Project("{FAE04EC0-301F-11D3-BF4B-00C04F79EFBC}") = "WeeklyTest3", "WeeklyTest3\WeeklyTest3.csproj", "{C9931865-A3BE-48DE-951E-9A572C60A458}"
EndProject
Global
	GlobalSection(SolutionConfigurationPlatforms) = preSolution
		Debug|Any CPU = Debug|Any CPU
		Release|Any CPU = Release|Any CPU
	EndGlobalSection
	GlobalSection(ProjectConfigurationPlatforms) = postSolution
		{C9931865-A3BE-48DE-951E-9A572C60A458}.Debug|Any CPU.ActiveCfg = Debug|Any CPU
		{C9931865-A3BE-48DE-951E-9A572C60A458}.Debug|Any CPU.Build.0 = Debug|Any CPU
		{C9931865-A3BE-48DE-951E-9A572C60A458}.Release|Any CPU.ActiveCfg = Release|Any CPU
		{C9931865-A3BE-48DE-951E-9A572C60A458}.Release|Any CPU.Build.0 = Release|Any CPU
	EndGlobalSection
	GlobalSection(SolutionProperties) = preSolution
		HideSolutionNode = FALSE
	EndGlobalSection
	GlobalSection(ExtensibilityGlobals) = postSolution
		SolutionGuid = {0E576819-83C0-49AA-8A50-0DE16B01629F}
	EndGlobalSection
EndGlobal
