
Microsoft Visual Studio Solution File, Format Version 12.00
# Visual Studio Version 16
VisualStudioVersion = 16.0.31624.102
MinimumVisualStudioVersion = 10.0.40219.1
Project("{FAE04EC0-301F-11D3-BF4B-00C04F79EFBC}") = "Week4ThursdayDemonstration", "Week4ThursdayDemonstration\Week4ThursdayDemonstration.csproj", "{437D6D8B-B31F-4290-A244-BAABB01C6DB7}"
EndProject
Project("{FAE04EC0-301F-11D3-BF4B-00C04F79EFBC}") = "Week4ThursdayDemonstrationPM", "Week4ThursdayDemonstrationPM\Week4ThursdayDemonstrationPM.csproj", "{31ADF24D-218A-474F-AC26-59FA6E51E897}"
EndProject
Global
	GlobalSection(SolutionConfigurationPlatforms) = preSolution
		Debug|Any CPU = Debug|Any CPU
		Release|Any CPU = Release|Any CPU
	EndGlobalSection
	GlobalSection(ProjectConfigurationPlatforms) = postSolution
		{437D6D8B-B31F-4290-A244-BAABB01C6DB7}.Debug|Any CPU.ActiveCfg = Debug|Any CPU
		{437D6D8B-B31F-4290-A244-BAABB01C6DB7}.Debug|Any CPU.Build.0 = Debug|Any CPU
		{437D6D8B-B31F-4290-A244-BAABB01C6DB7}.Release|Any CPU.ActiveCfg = Release|Any CPU
		{437D6D8B-B31F-4290-A244-BAABB01C6DB7}.Release|Any CPU.Build.0 = Release|Any CPU
		{31ADF24D-218A-474F-AC26-59FA6E51E897}.Debug|Any CPU.ActiveCfg = Debug|Any CPU
		{31ADF24D-218A-474F-AC26-59FA6E51E897}.Debug|Any CPU.Build.0 = Debug|Any CPU
		{31ADF24D-218A-474F-AC26-59FA6E51E897}.Release|Any CPU.ActiveCfg = Release|Any CPU
		{31ADF24D-218A-474F-AC26-59FA6E51E897}.Release|Any CPU.Build.0 = Release|Any CPU
	EndGlobalSection
	GlobalSection(SolutionProperties) = preSolution
		HideSolutionNode = FALSE
	EndGlobalSection
	GlobalSection(ExtensibilityGlobals) = postSolution
		SolutionGuid = {0698AE98-EF3B-473F-BB90-FB43AC239A15}
	EndGlobalSection
EndGlobal
